// !$*UTF8*$!
{
	archiveVersion = 1;
	classes = {
	};
	objectVersion = 56;
	objects = {

/* Begin PBXBuildFile section */
		0A89E83EBC27A01835DE5A97 /* Pods_InstagramFirebase.framework in Frameworks */ = {isa = PBXBuildFile; fileRef = 2BF748A1203A64B02080D399 /* Pods_InstagramFirebase.framework */; };
		D354F93A2AB359A80046AD98 /* AppDelegate.swift in Sources */ = {isa = PBXBuildFile; fileRef = D354F9392AB359A80046AD98 /* AppDelegate.swift */; };
		D354F93C2AB359A80046AD98 /* SceneDelegate.swift in Sources */ = {isa = PBXBuildFile; fileRef = D354F93B2AB359A80046AD98 /* SceneDelegate.swift */; };
		D354F93E2AB359A80046AD98 /* ViewController.swift in Sources */ = {isa = PBXBuildFile; fileRef = D354F93D2AB359A80046AD98 /* ViewController.swift */; };
		D354F9432AB359A90046AD98 /* Assets.xcassets in Resources */ = {isa = PBXBuildFile; fileRef = D354F9422AB359A90046AD98 /* Assets.xcassets */; };
		D354F9462AB359A90046AD98 /* LaunchScreen.storyboard in Resources */ = {isa = PBXBuildFile; fileRef = D354F9442AB359A90046AD98 /* LaunchScreen.storyboard */; };
		D354F94F2AB47B280046AD98 /* Extensions.swift in Sources */ = {isa = PBXBuildFile; fileRef = D354F94E2AB47B280046AD98 /* Extensions.swift */; };
		D354F9512AB4809B0046AD98 /* GoogleService-Info.plist in Resources */ = {isa = PBXBuildFile; fileRef = D354F9502AB4809A0046AD98 /* GoogleService-Info.plist */; };
		D38C130D2B1287FA00C97D5A /* MainTabBarController.swift in Sources */ = {isa = PBXBuildFile; fileRef = D38C130C2B1287F900C97D5A /* MainTabBarController.swift */; };
		D38C130F2B1288CA00C97D5A /* UserProfileController.swift in Sources */ = {isa = PBXBuildFile; fileRef = D38C130E2B1288CA00C97D5A /* UserProfileController.swift */; };
/* End PBXBuildFile section */

/* Begin PBXFileReference section */
		2A99F348892DD59D0B29E527 /* Pods-InstagramFirebase.release.xcconfig */ = {isa = PBXFileReference; includeInIndex = 1; lastKnownFileType = text.xcconfig; name = "Pods-InstagramFirebase.release.xcconfig"; path = "Target Support Files/Pods-InstagramFirebase/Pods-InstagramFirebase.release.xcconfig"; sourceTree = "<group>"; };
		2BF748A1203A64B02080D399 /* Pods_InstagramFirebase.framework */ = {isa = PBXFileReference; explicitFileType = wrapper.framework; includeInIndex = 0; path = Pods_InstagramFirebase.framework; sourceTree = BUILT_PRODUCTS_DIR; };
		6C99EC2CD559F82772A9D9CC /* Pods-InstagramFirebase.debug.xcconfig */ = {isa = PBXFileReference; includeInIndex = 1; lastKnownFileType = text.xcconfig; name = "Pods-InstagramFirebase.debug.xcconfig"; path = "Target Support Files/Pods-InstagramFirebase/Pods-InstagramFirebase.debug.xcconfig"; sourceTree = "<group>"; };
		D354F9362AB359A80046AD98 /* InstagramFirebase.app */ = {isa = PBXFileReference; explicitFileType = wrapper.application; includeInIndex = 0; path = InstagramFirebase.app; sourceTree = BUILT_PRODUCTS_DIR; };
		D354F9392AB359A80046AD98 /* AppDelegate.swift */ = {isa = PBXFileReference; lastKnownFileType = sourcecode.swift; path = AppDelegate.swift; sourceTree = "<group>"; };
		D354F93B2AB359A80046AD98 /* SceneDelegate.swift */ = {isa = PBXFileReference; lastKnownFileType = sourcecode.swift; path = SceneDelegate.swift; sourceTree = "<group>"; };
		D354F93D2AB359A80046AD98 /* ViewController.swift */ = {isa = PBXFileReference; lastKnownFileType = sourcecode.swift; path = ViewController.swift; sourceTree = "<group>"; };
		D354F9422AB359A90046AD98 /* Assets.xcassets */ = {isa = PBXFileReference; lastKnownFileType = folder.assetcatalog; path = Assets.xcassets; sourceTree = "<group>"; };
		D354F9452AB359A90046AD98 /* Base */ = {isa = PBXFileReference; lastKnownFileType = file.storyboard; name = Base; path = Base.lproj/LaunchScreen.storyboard; sourceTree = "<group>"; };
		D354F9472AB359A90046AD98 /* Info.plist */ = {isa = PBXFileReference; lastKnownFileType = text.plist.xml; path = Info.plist; sourceTree = "<group>"; };
		D354F94E2AB47B280046AD98 /* Extensions.swift */ = {isa = PBXFileReference; lastKnownFileType = sourcecode.swift; path = Extensions.swift; sourceTree = "<group>"; };
		D354F9502AB4809A0046AD98 /* GoogleService-Info.plist */ = {isa = PBXFileReference; fileEncoding = 4; lastKnownFileType = text.plist.xml; path = "GoogleService-Info.plist"; sourceTree = "<group>"; };
		D38C130C2B1287F900C97D5A /* MainTabBarController.swift */ = {isa = PBXFileReference; lastKnownFileType = sourcecode.swift; path = MainTabBarController.swift; sourceTree = "<group>"; };
		D38C130E2B1288CA00C97D5A /* UserProfileController.swift */ = {isa = PBXFileReference; lastKnownFileType = sourcecode.swift; path = UserProfileController.swift; sourceTree = "<group>"; };
/* End PBXFileReference section */

/* Begin PBXFrameworksBuildPhase section */
		D354F9332AB359A70046AD98 /* Frameworks */ = {
			isa = PBXFrameworksBuildPhase;
			buildActionMask = 2147483647;
			files = (
				0A89E83EBC27A01835DE5A97 /* Pods_InstagramFirebase.framework in Frameworks */,
			);
			runOnlyForDeploymentPostprocessing = 0;
		};
/* End PBXFrameworksBuildPhase section */

/* Begin PBXGroup section */
		3867FD34F4CE48387D3D33D0 /* Frameworks */ = {
			isa = PBXGroup;
			children = (
				2BF748A1203A64B02080D399 /* Pods_InstagramFirebase.framework */,
			);
			name = Frameworks;
			sourceTree = "<group>";
		};
		D354F92D2AB359A70046AD98 = {
			isa = PBXGroup;
			children = (
				D354F9382AB359A80046AD98 /* InstagramFirebase */,
				D354F9372AB359A80046AD98 /* Products */,
				D98B42A9D83B96CDD9D2D2DE /* Pods */,
				3867FD34F4CE48387D3D33D0 /* Frameworks */,
			);
			sourceTree = "<group>";
		};
		D354F9372AB359A80046AD98 /* Products */ = {
			isa = PBXGroup;
			children = (
				D354F9362AB359A80046AD98 /* InstagramFirebase.app */,
			);
			name = Products;
			sourceTree = "<group>";
		};
		D354F9382AB359A80046AD98 /* InstagramFirebase */ = {
			isa = PBXGroup;
			children = (
				D354F94D2AB47AFD0046AD98 /* Utils  */,
				D354F9392AB359A80046AD98 /* AppDelegate.swift */,
				D354F93B2AB359A80046AD98 /* SceneDelegate.swift */,
				D38C130C2B1287F900C97D5A /* MainTabBarController.swift */,
				D38C130E2B1288CA00C97D5A /* UserProfileController.swift */,
				D354F93D2AB359A80046AD98 /* ViewController.swift */,
				D354F9422AB359A90046AD98 /* Assets.xcassets */,
				D354F9442AB359A90046AD98 /* LaunchScreen.storyboard */,
				D354F9472AB359A90046AD98 /* Info.plist */,
				D354F9502AB4809A0046AD98 /* GoogleService-Info.plist */,
			);
			path = InstagramFirebase;
			sourceTree = "<group>";
		};
		D354F94D2AB47AFD0046AD98 /* Utils  */ = {
			isa = PBXGroup;
			children = (
				D354F94E2AB47B280046AD98 /* Extensions.swift */,
			);
			path = "Utils ";
			sourceTree = "<group>";
		};
		D98B42A9D83B96CDD9D2D2DE /* Pods */ = {
			isa = PBXGroup;
			children = (
				6C99EC2CD559F82772A9D9CC /* Pods-InstagramFirebase.debug.xcconfig */,
				2A99F348892DD59D0B29E527 /* Pods-InstagramFirebase.release.xcconfig */,
			);
			path = Pods;
			sourceTree = "<group>";
		};
/* End PBXGroup section */

/* Begin PBXNativeTarget section */
		D354F9352AB359A70046AD98 /* InstagramFirebase */ = {
			isa = PBXNativeTarget;
			buildConfigurationList = D354F94A2AB359A90046AD98 /* Build configuration list for PBXNativeTarget "InstagramFirebase" */;
			buildPhases = (
				9BCA76F51A619B3BBBACD484 /* [CP] Check Pods Manifest.lock */,
				D354F9322AB359A70046AD98 /* Sources */,
				D354F9332AB359A70046AD98 /* Frameworks */,
				D354F9342AB359A70046AD98 /* Resources */,
				33E6D27BC132A28EE2F6E8D5 /* [CP] Embed Pods Frameworks */,
			);
			buildRules = (
			);
			dependencies = (
			);
			name = InstagramFirebase;
			productName = InstagramFirebase;
			productReference = D354F9362AB359A80046AD98 /* InstagramFirebase.app */;
			productType = "com.apple.product-type.application";
		};
/* End PBXNativeTarget section */

/* Begin PBXProject section */
		D354F92E2AB359A70046AD98 /* Project object */ = {
			isa = PBXProject;
			attributes = {
				BuildIndependentTargetsInParallel = 1;
				LastSwiftUpdateCheck = 1430;
				LastUpgradeCheck = 1430;
				TargetAttributes = {
					D354F9352AB359A70046AD98 = {
						CreatedOnToolsVersion = 14.3.1;
					};
				};
			};
			buildConfigurationList = D354F9312AB359A70046AD98 /* Build configuration list for PBXProject "InstagramFirebase" */;
			compatibilityVersion = "Xcode 14.0";
			developmentRegion = en;
			hasScannedForEncodings = 0;
			knownRegions = (
				en,
				Base,
			);
			mainGroup = D354F92D2AB359A70046AD98;
			packageReferences = (
				D3AA7F5A2B04F6B300E63A5C /* XCRemoteSwiftPackageReference "firebase-ios-sdk" */,
			);
			productRefGroup = D354F9372AB359A80046AD98 /* Products */;
			projectDirPath = "";
			projectRoot = "";
			targets = (
				D354F9352AB359A70046AD98 /* InstagramFirebase */,
			);
		};
/* End PBXProject section */

/* Begin PBXResourcesBuildPhase section */
		D354F9342AB359A70046AD98 /* Resources */ = {
			isa = PBXResourcesBuildPhase;
			buildActionMask = 2147483647;
			files = (
				D354F9462AB359A90046AD98 /* LaunchScreen.storyboard in Resources */,
				D354F9432AB359A90046AD98 /* Assets.xcassets in Resources */,
				D354F9512AB4809B0046AD98 /* GoogleService-Info.plist in Resources */,
			);
			runOnlyForDeploymentPostprocessing = 0;
		};
/* End PBXResourcesBuildPhase section */

/* Begin PBXShellScriptBuildPhase section */
		33E6D27BC132A28EE2F6E8D5 /* [CP] Embed Pods Frameworks */ = {
			isa = PBXShellScriptBuildPhase;
			buildActionMask = 2147483647;
			files = (
			);
			inputFileListPaths = (
				"${PODS_ROOT}/Target Support Files/Pods-InstagramFirebase/Pods-InstagramFirebase-frameworks-${CONFIGURATION}-input-files.xcfilelist",
			);
			name = "[CP] Embed Pods Frameworks";
			outputFileListPaths = (
				"${PODS_ROOT}/Target Support Files/Pods-InstagramFirebase/Pods-InstagramFirebase-frameworks-${CONFIGURATION}-output-files.xcfilelist",
			);
			runOnlyForDeploymentPostprocessing = 0;
			shellPath = /bin/sh;
			shellScript = "\"${PODS_ROOT}/Target Support Files/Pods-InstagramFirebase/Pods-InstagramFirebase-frameworks.sh\"\n";
			showEnvVarsInLog = 0;
		};
		9BCA76F51A619B3BBBACD484 /* [CP] Check Pods Manifest.lock */ = {
			isa = PBXShellScriptBuildPhase;
			buildActionMask = 2147483647;
			files = (
			);
			inputFileListPaths = (
			);
			inputPaths = (
				"${PODS_PODFILE_DIR_PATH}/Podfile.lock",
				"${PODS_ROOT}/Manifest.lock",
			);
			name = "[CP] Check Pods Manifest.lock";
			outputFileListPaths = (
			);
			outputPaths = (
				"$(DERIVED_FILE_DIR)/Pods-InstagramFirebase-checkManifestLockResult.txt",
			);
			runOnlyForDeploymentPostprocessing = 0;
			shellPath = /bin/sh;
			shellScript = "diff \"${PODS_PODFILE_DIR_PATH}/Podfile.lock\" \"${PODS_ROOT}/Manifest.lock\" > /dev/null\nif [ $? != 0 ] ; then\n    # print error to STDERR\n    echo \"error: The sandbox is not in sync with the Podfile.lock. Run 'pod install' or update your CocoaPods installation.\" >&2\n    exit 1\nfi\n# This output is used by Xcode 'outputs' to avoid re-running this script phase.\necho \"SUCCESS\" > \"${SCRIPT_OUTPUT_FILE_0}\"\n";
			showEnvVarsInLog = 0;
		};
/* End PBXShellScriptBuildPhase section */

/* Begin PBXSourcesBuildPhase section */
		D354F9322AB359A70046AD98 /* Sources */ = {
			isa = PBXSourcesBuildPhase;
			buildActionMask = 2147483647;
			files = (
				D354F93E2AB359A80046AD98 /* ViewController.swift in Sources */,
				D354F93A2AB359A80046AD98 /* AppDelegate.swift in Sources */,
				D38C130F2B1288CA00C97D5A /* UserProfileController.swift in Sources */,
				D38C130D2B1287FA00C97D5A /* MainTabBarController.swift in Sources */,
				D354F93C2AB359A80046AD98 /* SceneDelegate.swift in Sources */,
				D354F94F2AB47B280046AD98 /* Extensions.swift in Sources */,
			);
			runOnlyForDeploymentPostprocessing = 0;
		};
/* End PBXSourcesBuildPhase section */

/* Begin PBXVariantGroup section */
		D354F9442AB359A90046AD98 /* LaunchScreen.storyboard */ = {
			isa = PBXVariantGroup;
			children = (
				D354F9452AB359A90046AD98 /* Base */,
			);
			name = LaunchScreen.storyboard;
			sourceTree = "<group>";
		};
/* End PBXVariantGroup section */

/* Begin XCBuildConfiguration section */
		D354F9482AB359A90046AD98 /* Debug */ = {
			isa = XCBuildConfiguration;
			buildSettings = {
				ALWAYS_SEARCH_USER_PATHS = NO;
				CLANG_ANALYZER_NONNULL = YES;
				CLANG_ANALYZER_NUMBER_OBJECT_CONVERSION = YES_AGGRESSIVE;
				CLANG_CXX_LANGUAGE_STANDARD = "gnu++20";
				CLANG_ENABLE_MODULES = YES;
				CLANG_ENABLE_OBJC_ARC = YES;
				CLANG_ENABLE_OBJC_WEAK = YES;
				CLANG_WARN_BLOCK_CAPTURE_AUTORELEASING = YES;
				CLANG_WARN_BOOL_CONVERSION = YES;
				CLANG_WARN_COMMA = YES;
				CLANG_WARN_CONSTANT_CONVERSION = YES;
				CLANG_WARN_DEPRECATED_OBJC_IMPLEMENTATIONS = YES;
				CLANG_WARN_DIRECT_OBJC_ISA_USAGE = YES_ERROR;
				CLANG_WARN_DOCUMENTATION_COMMENTS = YES;
				CLANG_WARN_EMPTY_BODY = YES;
				CLANG_WARN_ENUM_CONVERSION = YES;
				CLANG_WARN_INFINITE_RECURSION = YES;
				CLANG_WARN_INT_CONVERSION = YES;
				CLANG_WARN_NON_LITERAL_NULL_CONVERSION = YES;
				CLANG_WARN_OBJC_IMPLICIT_RETAIN_SELF = YES;
				CLANG_WARN_OBJC_LITERAL_CONVERSION = YES;
				CLANG_WARN_OBJC_ROOT_CLASS = YES_ERROR;
				CLANG_WARN_QUOTED_INCLUDE_IN_FRAMEWORK_HEADER = YES;
				CLANG_WARN_RANGE_LOOP_ANALYSIS = YES;
				CLANG_WARN_STRICT_PROTOTYPES = YES;
				CLANG_WARN_SUSPICIOUS_MOVE = YES;
				CLANG_WARN_UNGUARDED_AVAILABILITY = YES_AGGRESSIVE;
				CLANG_WARN_UNREACHABLE_CODE = YES;
				CLANG_WARN__DUPLICATE_METHOD_MATCH = YES;
				COPY_PHASE_STRIP = NO;
				DEBUG_INFORMATION_FORMAT = dwarf;
				ENABLE_STRICT_OBJC_MSGSEND = YES;
				ENABLE_TESTABILITY = YES;
				GCC_C_LANGUAGE_STANDARD = gnu11;
				GCC_DYNAMIC_NO_PIC = NO;
				GCC_NO_COMMON_BLOCKS = YES;
				GCC_OPTIMIZATION_LEVEL = 0;
				GCC_PREPROCESSOR_DEFINITIONS = (
					"DEBUG=1",
					"$(inherited)",
				);
				GCC_WARN_64_TO_32_BIT_CONVERSION = YES;
				GCC_WARN_ABOUT_RETURN_TYPE = YES_ERROR;
				GCC_WARN_UNDECLARED_SELECTOR = YES;
				GCC_WARN_UNINITIALIZED_AUTOS = YES_AGGRESSIVE;
				GCC_WARN_UNUSED_FUNCTION = YES;
				GCC_WARN_UNUSED_VARIABLE = YES;
				IPHONEOS_DEPLOYMENT_TARGET = 16.4;
				MTL_ENABLE_DEBUG_INFO = INCLUDE_SOURCE;
				MTL_FAST_MATH = YES;
				ONLY_ACTIVE_ARCH = YES;
				SDKROOT = iphoneos;
				SWIFT_ACTIVE_COMPILATION_CONDITIONS = DEBUG;
				SWIFT_OPTIMIZATION_LEVEL = "-Onone";
			};
			name = Debug;
		};
		D354F9492AB359A90046AD98 /* Release */ = {
			isa = XCBuildConfiguration;
			buildSettings = {
				ALWAYS_SEARCH_USER_PATHS = NO;
				CLANG_ANALYZER_NONNULL = YES;
				CLANG_ANALYZER_NUMBER_OBJECT_CONVERSION = YES_AGGRESSIVE;
				CLANG_CXX_LANGUAGE_STANDARD = "gnu++20";
				CLANG_ENABLE_MODULES = YES;
				CLANG_ENABLE_OBJC_ARC = YES;
				CLANG_ENABLE_OBJC_WEAK = YES;
				CLANG_WARN_BLOCK_CAPTURE_AUTORELEASING = YES;
				CLANG_WARN_BOOL_CONVERSION = YES;
				CLANG_WARN_COMMA = YES;
				CLANG_WARN_CONSTANT_CONVERSION = YES;
				CLANG_WARN_DEPRECATED_OBJC_IMPLEMENTATIONS = YES;
				CLANG_WARN_DIRECT_OBJC_ISA_USAGE = YES_ERROR;
				CLANG_WARN_DOCUMENTATION_COMMENTS = YES;
				CLANG_WARN_EMPTY_BODY = YES;
				CLANG_WARN_ENUM_CONVERSION = YES;
				CLANG_WARN_INFINITE_RECURSION = YES;
				CLANG_WARN_INT_CONVERSION = YES;
				CLANG_WARN_NON_LITERAL_NULL_CONVERSION = YES;
				CLANG_WARN_OBJC_IMPLICIT_RETAIN_SELF = YES;
				CLANG_WARN_OBJC_LITERAL_CONVERSION = YES;
				CLANG_WARN_OBJC_ROOT_CLASS = YES_ERROR;
				CLANG_WARN_QUOTED_INCLUDE_IN_FRAMEWORK_HEADER = YES;
				CLANG_WARN_RANGE_LOOP_ANALYSIS = YES;
				CLANG_WARN_STRICT_PROTOTYPES = YES;
				CLANG_WARN_SUSPICIOUS_MOVE = YES;
				CLANG_WARN_UNGUARDED_AVAILABILITY = YES_AGGRESSIVE;
				CLANG_WARN_UNREACHABLE_CODE = YES;
				CLANG_WARN__DUPLICATE_METHOD_MATCH = YES;
				COPY_PHASE_STRIP = NO;
				DEBUG_INFORMATION_FORMAT = "dwarf-with-dsym";
				ENABLE_NS_ASSERTIONS = NO;
				ENABLE_STRICT_OBJC_MSGSEND = YES;
				GCC_C_LANGUAGE_STANDARD = gnu11;
				GCC_NO_COMMON_BLOCKS = YES;
				GCC_WARN_64_TO_32_BIT_CONVERSION = YES;
				GCC_WARN_ABOUT_RETURN_TYPE = YES_ERROR;
				GCC_WARN_UNDECLARED_SELECTOR = YES;
				GCC_WARN_UNINITIALIZED_AUTOS = YES_AGGRESSIVE;
				GCC_WARN_UNUSED_FUNCTION = YES;
				GCC_WARN_UNUSED_VARIABLE = YES;
				IPHONEOS_DEPLOYMENT_TARGET = 16.4;
				MTL_ENABLE_DEBUG_INFO = NO;
				MTL_FAST_MATH = YES;
				SDKROOT = iphoneos;
				SWIFT_COMPILATION_MODE = wholemodule;
				SWIFT_OPTIMIZATION_LEVEL = "-O";
				VALIDATE_PRODUCT = YES;
			};
			name = Release;
		};
		D354F94B2AB359A90046AD98 /* Debug */ = {
			isa = XCBuildConfiguration;
			baseConfigurationReference = 6C99EC2CD559F82772A9D9CC /* Pods-InstagramFirebase.debug.xcconfig */;
			buildSettings = {
				ASSETCATALOG_COMPILER_APPICON_NAME = AppIcon;
				ASSETCATALOG_COMPILER_GLOBAL_ACCENT_COLOR_NAME = AccentColor;
				CODE_SIGN_STYLE = Automatic;
				CURRENT_PROJECT_VERSION = 1;
				GENERATE_INFOPLIST_FILE = YES;
				INFOPLIST_FILE = InstagramFirebase/Info.plist;
				INFOPLIST_KEY_NSPhotoLibraryUsageDescription = "We'd like access to your photos right now";
				INFOPLIST_KEY_UIApplicationSupportsIndirectInputEvents = YES;
				INFOPLIST_KEY_UILaunchStoryboardName = LaunchScreen;
				INFOPLIST_KEY_UISupportedInterfaceOrientations_iPad = "UIInterfaceOrientationPortrait UIInterfaceOrientationPortraitUpsideDown UIInterfaceOrientationLandscapeLeft UIInterfaceOrientationLandscapeRight";
				INFOPLIST_KEY_UISupportedInterfaceOrientations_iPhone = "UIInterfaceOrientationPortrait UIInterfaceOrientationLandscapeLeft UIInterfaceOrientationLandscapeRight";
				LD_RUNPATH_SEARCH_PATHS = (
					"$(inherited)",
					"@executable_path/Frameworks",
				);
				MARKETING_VERSION = 1.0;
				PRODUCT_BUNDLE_IDENTIFIER = com.farabiisa.InstagramFirebase;
				PRODUCT_NAME = "$(TARGET_NAME)";
				SWIFT_EMIT_LOC_STRINGS = YES;
				SWIFT_VERSION = 5.0;
				TARGETED_DEVICE_FAMILY = "1,2";
			};
			name = Debug;
		};
		D354F94C2AB359A90046AD98 /* Release */ = {
			isa = XCBuildConfiguration;
			baseConfigurationReference = 2A99F348892DD59D0B29E527 /* Pods-InstagramFirebase.release.xcconfig */;
			buildSettings = {
				ASSETCATALOG_COMPILER_APPICON_NAME = AppIcon;
				ASSETCATALOG_COMPILER_GLOBAL_ACCENT_COLOR_NAME = AccentColor;
				CODE_SIGN_STYLE = Automatic;
				CURRENT_PROJECT_VERSION = 1;
				GENERATE_INFOPLIST_FILE = YES;
				INFOPLIST_FILE = InstagramFirebase/Info.plist;
				INFOPLIST_KEY_NSPhotoLibraryUsageDescription = "We'd like access to your photos right now";
				INFOPLIST_KEY_UIApplicationSupportsIndirectInputEvents = YES;
				INFOPLIST_KEY_UILaunchStoryboardName = LaunchScreen;
				INFOPLIST_KEY_UISupportedInterfaceOrientations_iPad = "UIInterfaceOrientationPortrait UIInterfaceOrientationPortraitUpsideDown UIInterfaceOrientationLandscapeLeft UIInterfaceOrientationLandscapeRight";
				INFOPLIST_KEY_UISupportedInterfaceOrientations_iPhone = "UIInterfaceOrientationPortrait UIInterfaceOrientationLandscapeLeft UIInterfaceOrientationLandscapeRight";
				LD_RUNPATH_SEARCH_PATHS = (
					"$(inherited)",
					"@executable_path/Frameworks",
				);
				MARKETING_VERSION = 1.0;
				PRODUCT_BUNDLE_IDENTIFIER = com.farabiisa.InstagramFirebase;
				PRODUCT_NAME = "$(TARGET_NAME)";
				SWIFT_EMIT_LOC_STRINGS = YES;
				SWIFT_VERSION = 5.0;
				TARGETED_DEVICE_FAMILY = "1,2";
			};
			name = Release;
		};
/* End XCBuildConfiguration section */

/* Begin XCConfigurationList section */
		D354F9312AB359A70046AD98 /* Build configuration list for PBXProject "InstagramFirebase" */ = {
			isa = XCConfigurationList;
			buildConfigurations = (
				D354F9482AB359A90046AD98 /* Debug */,
				D354F9492AB359A90046AD98 /* Release */,
			);
			defaultConfigurationIsVisible = 0;
			defaultConfigurationName = Release;
		};
		D354F94A2AB359A90046AD98 /* Build configuration list for PBXNativeTarget "InstagramFirebase" */ = {
			isa = XCConfigurationList;
			buildConfigurations = (
				D354F94B2AB359A90046AD98 /* Debug */,
				D354F94C2AB359A90046AD98 /* Release */,
			);
			defaultConfigurationIsVisible = 0;
			defaultConfigurationName = Release;
		};
/* End XCConfigurationList section */

/* Begin XCRemoteSwiftPackageReference section */
		D3AA7F5A2B04F6B300E63A5C /* XCRemoteSwiftPackageReference "firebase-ios-sdk" */ = {
			isa = XCRemoteSwiftPackageReference;
			repositoryURL = "https://github.com/firebase/firebase-ios-sdk";
			requirement = {
				kind = upToNextMajorVersion;
				minimumVersion = 10.0.0;
			};
		};
/* End XCRemoteSwiftPackageReference section */
	};
	rootObject = D354F92E2AB359A70046AD98 /* Project object */;
}
